Microsoft Visual Studio Solution File, Format Version 11.00
# Visual Studio 2008

Project("{EE0E724E-FDC9-E01C-29D9-5CB88F9E35CF}") = "NightRoad", "Assembly-CSharp-firstpass.csproj", "{7F006176-5E2C-CA71-4138-220078934053}"
EndProject
Project("{EE0E724E-FDC9-E01C-29D9-5CB88F9E35CF}") = "NightRoad", "Assembly-CSharp.csproj", "{AF00C730-E069-ED7A-0017-483C723D401A}"
EndProject
Project("{EE0E724E-FDC9-E01C-29D9-5CB88F9E35CF}") = "NightRoad", "Assembly-CSharp-Editor-firstpass.csproj", "{E2E7A0D3-B195-3DA3-0BE9-58024EAD940F}"
EndProject
Project("{EE0E724E-FDC9-E01C-29D9-5CB88F9E35CF}") = "NightRoad", "Assembly-CSharp-Editor.csproj", "{6374DA08-C836-6D4A-AB4C-E9AD63942DE7}"
EndProject
Project("{EE0E724E-FDC9-E01C-29D9-5CB88F9E35CF}") = "NightRoad", "Assembly-UnityScript-firstpass.unityproj", "{DF4C75B2-1F83-5C9A-ED40-776EFEBAF328}"
EndProject
Project("{EE0E724E-FDC9-E01C-29D9-5CB88F9E35CF}") = "NightRoad", "Assembly-UnityScript.unityproj", "{BDAC0D25-7139-1436-90C2-36A699045D5B}"
EndProject
Project("{EE0E724E-FDC9-E01C-29D9-5CB88F9E35CF}") = "NightRoad", "Assembly-UnityScript-Editor-firstpass.unityproj", "{C9C57D93-A753-477D-5E3B-0AF988DBF029}"
EndProject
Global
	GlobalSection(SolutionConfigurationPlatforms) = preSolution
		Debug|Any CPU = Debug|Any CPU
		Release|Any CPU = Release|Any CPU
	EndGlobalSection
	GlobalSection(ProjectConfigurationPlatforms) = postSolution
		{7F006176-5E2C-CA71-4138-220078934053}.Debug|Any CPU.ActiveCfg = Debug|Any CPU
		{7F006176-5E2C-CA71-4138-220078934053}.Debug|Any CPU.Build.0 = Debug|Any CPU
		{7F006176-5E2C-CA71-4138-220078934053}.Release|Any CPU.ActiveCfg = Release|Any CPU
		{7F006176-5E2C-CA71-4138-220078934053}.Release|Any CPU.Build.0 = Release|Any CPU
		{AF00C730-E069-ED7A-0017-483C723D401A}.Debug|Any CPU.ActiveCfg = Debug|Any CPU
		{AF00C730-E069-ED7A-0017-483C723D401A}.Debug|Any CPU.Build.0 = Debug|Any CPU
		{AF00C730-E069-ED7A-0017-483C723D401A}.Release|Any CPU.ActiveCfg = Release|Any CPU
		{AF00C730-E069-ED7A-0017-483C723D401A}.Release|Any CPU.Build.0 = Release|Any CPU
		{E2E7A0D3-B195-3DA3-0BE9-58024EAD940F}.Debug|Any CPU.ActiveCfg = Debug|Any CPU
		{E2E7A0D3-B195-3DA3-0BE9-58024EAD940F}.Debug|Any CPU.Build.0 = Debug|Any CPU
		{E2E7A0D3-B195-3DA3-0BE9-58024EAD940F}.Release|Any CPU.ActiveCfg = Release|Any CPU
		{E2E7A0D3-B195-3DA3-0BE9-58024EAD940F}.Release|Any CPU.Build.0 = Release|Any CPU
		{6374DA08-C836-6D4A-AB4C-E9AD63942DE7}.Debug|Any CPU.ActiveCfg = Debug|Any CPU
		{6374DA08-C836-6D4A-AB4C-E9AD63942DE7}.Debug|Any CPU.Build.0 = Debug|Any CPU
		{6374DA08-C836-6D4A-AB4C-E9AD63942DE7}.Release|Any CPU.ActiveCfg = Release|Any CPU
		{6374DA08-C836-6D4A-AB4C-E9AD63942DE7}.Release|Any CPU.Build.0 = Release|Any CPU
		{DF4C75B2-1F83-5C9A-ED40-776EFEBAF328}.Debug|Any CPU.ActiveCfg = Debug|Any CPU
		{DF4C75B2-1F83-5C9A-ED40-776EFEBAF328}.Debug|Any CPU.Build.0 = Debug|Any CPU
		{DF4C75B2-1F83-5C9A-ED40-776EFEBAF328}.Release|Any CPU.ActiveCfg = Release|Any CPU
		{DF4C75B2-1F83-5C9A-ED40-776EFEBAF328}.Release|Any CPU.Build.0 = Release|Any CPU
		{BDAC0D25-7139-1436-90C2-36A699045D5B}.Debug|Any CPU.ActiveCfg = Debug|Any CPU
		{BDAC0D25-7139-1436-90C2-36A699045D5B}.Debug|Any CPU.Build.0 = Debug|Any CPU
		{BDAC0D25-7139-1436-90C2-36A699045D5B}.Release|Any CPU.ActiveCfg = Release|Any CPU
		{BDAC0D25-7139-1436-90C2-36A699045D5B}.Release|Any CPU.Build.0 = Release|Any CPU
		{C9C57D93-A753-477D-5E3B-0AF988DBF029}.Debug|Any CPU.ActiveCfg = Debug|Any CPU
		{C9C57D93-A753-477D-5E3B-0AF988DBF029}.Debug|Any CPU.Build.0 = Debug|Any CPU
		{C9C57D93-A753-477D-5E3B-0AF988DBF029}.Release|Any CPU.ActiveCfg = Release|Any CPU
		{C9C57D93-A753-477D-5E3B-0AF988DBF029}.Release|Any CPU.Build.0 = Release|Any CPU
	EndGlobalSection
	GlobalSection(SolutionProperties) = preSolution
		HideSolutionNode = FALSE
	EndGlobalSection
														GlobalSection(MonoDevelopProperties) = preSolution
		StartupItem = Assembly-CSharp.csproj
		Policies = $0
		$0.TextStylePolicy = $1
		$1.inheritsSet = null
		$1.scope = text/x-csharp
		$0.CSharpFormattingPolicy = $2
		$2.inheritsSet = Mono
		$2.inheritsScope = text/x-csharp
		$2.scope = text/x-csharp
		$0.TextStylePolicy = $3
		$3.FileWidth = 120
		$3.TabWidth = 4
		$3.EolMarker = Unix
		$3.inheritsSet = Mono
		$3.inheritsScope = text/plain
		$3.scope = text/plain
	EndGlobalSection

EndGlobal
